
Microsoft Visual Studio Solution File, Format Version 12.00
# Visual Studio Version 17
VisualStudioVersion = 17.8.34330.188
MinimumVisualStudioVersion = 10.0.40219.1
Project("{FAE04EC0-301F-11D3-BF4B-00C04F79EFBC}") = "ContactListAPI.Server", "ContactListAPI.Server\ContactListAPI.Server.csproj", "{CDD019D3-E1C5-48D9-A477-3A96A97FB061}"
EndProject
Project("{54A90642-561A-4BB1-A94E-469ADEE60C69}") = "contactlistapi.client", "contactlistapi.client\contactlistapi.client.esproj", "{45D3C3A4-0C35-48C2-9F87-47B196B8F58F}"
EndProject
Global
	GlobalSection(SolutionConfigurationPlatforms) = preSolution
		Debug|Any CPU = Debug|Any CPU
		Release|Any CPU = Release|Any CPU
	EndGlobalSection
	GlobalSection(ProjectConfigurationPlatforms) = postSolution
		{CDD019D3-E1C5-48D9-A477-3A96A97FB061}.Debug|Any CPU.ActiveCfg = Debug|Any CPU
		{CDD019D3-E1C5-48D9-A477-3A96A97FB061}.Debug|Any CPU.Build.0 = Debug|Any CPU
		{CDD019D3-E1C5-48D9-A477-3A96A97FB061}.Release|Any CPU.ActiveCfg = Release|Any CPU
		{CDD019D3-E1C5-48D9-A477-3A96A97FB061}.Release|Any CPU.Build.0 = Release|Any CPU
		{45D3C3A4-0C35-48C2-9F87-47B196B8F58F}.Debug|Any CPU.ActiveCfg = Debug|Any CPU
		{45D3C3A4-0C35-48C2-9F87-47B196B8F58F}.Debug|Any CPU.Build.0 = Debug|Any CPU
		{45D3C3A4-0C35-48C2-9F87-47B196B8F58F}.Debug|Any CPU.Deploy.0 = Debug|Any CPU
		{45D3C3A4-0C35-48C2-9F87-47B196B8F58F}.Release|Any CPU.ActiveCfg = Release|Any CPU
		{45D3C3A4-0C35-48C2-9F87-47B196B8F58F}.Release|Any CPU.Build.0 = Release|Any CPU
		{45D3C3A4-0C35-48C2-9F87-47B196B8F58F}.Release|Any CPU.Deploy.0 = Release|Any CPU
	EndGlobalSection
	GlobalSection(SolutionProperties) = preSolution
		HideSolutionNode = FALSE
	EndGlobalSection
	GlobalSection(ExtensibilityGlobals) = postSolution
		SolutionGuid = {FD64BBA4-DFF6-4EF3-869F-3B34D6798254}
	EndGlobalSection
EndGlobal
